
Microsoft Visual Studio Solution File, Format Version 12.00
# Visual Studio 2013
VisualStudioVersion = 12.0.31101.0
MinimumVisualStudioVersion = 10.0.40219.1
Project("{FAE04EC0-301F-11D3-BF4B-00C04F79EFBC}") = "DotNetPerf", "DotNetPerf\DotNetPerf.csproj", "{D643F437-3FD6-4C58-801C-49D59FFBDFCF}"
EndProject
Project("{FAE04EC0-301F-11D3-BF4B-00C04F79EFBC}") = "DotNetPerf.Test", "DotNetPerf.Test\DotNetPerf.Test.csproj", "{29524B7F-F80A-436C-9682-458D4BF34E07}"
EndProject
Project("{FAE04EC0-301F-11D3-BF4B-00C04F79EFBC}") = "BenchmarkDotNet", "BenchmarkDotNet\BenchmarkDotNet\BenchmarkDotNet.csproj", "{0F20FA04-52D8-4DB9-8B39-909125396A87}"
EndProject
Global
	GlobalSection(SolutionConfigurationPlatforms) = preSolution
		Debug|Any CPU = Debug|Any CPU
		Release|Any CPU = Release|Any CPU
	EndGlobalSection
	GlobalSection(ProjectConfigurationPlatforms) = postSolution
		{D643F437-3FD6-4C58-801C-49D59FFBDFCF}.Debug|Any CPU.ActiveCfg = Debug|Any CPU
		{D643F437-3FD6-4C58-801C-49D59FFBDFCF}.Debug|Any CPU.Build.0 = Debug|Any CPU
		{D643F437-3FD6-4C58-801C-49D59FFBDFCF}.Release|Any CPU.ActiveCfg = Release|Any CPU
		{D643F437-3FD6-4C58-801C-49D59FFBDFCF}.Release|Any CPU.Build.0 = Release|Any CPU
		{29524B7F-F80A-436C-9682-458D4BF34E07}.Debug|Any CPU.ActiveCfg = Debug|Any CPU
		{29524B7F-F80A-436C-9682-458D4BF34E07}.Debug|Any CPU.Build.0 = Debug|Any CPU
		{29524B7F-F80A-436C-9682-458D4BF34E07}.Release|Any CPU.ActiveCfg = Release|Any CPU
		{29524B7F-F80A-436C-9682-458D4BF34E07}.Release|Any CPU.Build.0 = Release|Any CPU
		{0F20FA04-52D8-4DB9-8B39-909125396A87}.Debug|Any CPU.ActiveCfg = Debug|Any CPU
		{0F20FA04-52D8-4DB9-8B39-909125396A87}.Debug|Any CPU.Build.0 = Debug|Any CPU
		{0F20FA04-52D8-4DB9-8B39-909125396A87}.Release|Any CPU.ActiveCfg = Release|Any CPU
		{0F20FA04-52D8-4DB9-8B39-909125396A87}.Release|Any CPU.Build.0 = Release|Any CPU
	EndGlobalSection
	GlobalSection(SolutionProperties) = preSolution
		HideSolutionNode = FALSE
	EndGlobalSection
EndGlobal
